
Microsoft Visual Studio Solution File, Format Version 12.00
# Visual Studio Version 17
VisualStudioVersion = 17.5.33516.290
MinimumVisualStudioVersion = 10.0.40219.1
Project("{9A19103F-16F7-4668-BE54-9A1E7A4F7556}") = "TMA.Api", "TMA.Api\TMA.Api.csproj", "{E491C9C8-068C-4705-9021-5B78DF16C86C}"
EndProject
Project("{9A19103F-16F7-4668-BE54-9A1E7A4F7556}") = "TMA.SharedDtos", "SharedDtos\TMA.SharedDtos.csproj", "{D40D9684-D7CF-4864-9583-E418B605538E}"
EndProject
Project("{9A19103F-16F7-4668-BE54-9A1E7A4F7556}") = "TMA.Core", "TMA.Core\TMA.Core.csproj", "{F090D58A-6901-489D-B6E5-BD6D20B019EC}"
EndProject
Project("{FAE04EC0-301F-11D3-BF4B-00C04F79EFBC}") = "TMA.Mobile.UWP", "TMA.Mobile\TMA.Mobile.UWP\TMA.Mobile.UWP.csproj", "{991539C7-C12C-41FB-BFC9-DF4511B85FB0}"
EndProject
Project("{FAE04EC0-301F-11D3-BF4B-00C04F79EFBC}") = "TMA.Mobile.Android", "TMA.Mobile\TMA.Mobile.Android\TMA.Mobile.Android.csproj", "{86CB9904-D7D4-4314-9FC3-E7BFB08753F5}"
EndProject
Project("{FAE04EC0-301F-11D3-BF4B-00C04F79EFBC}") = "TMA.Mobile", "TMA.Mobile\TMA.Mobile\TMA.Mobile.csproj", "{C02A982A-C30C-40F0-A419-D81C8065D9D0}"
EndProject
Global
	GlobalSection(SolutionConfigurationPlatforms) = preSolution
		Debug|Any CPU = Debug|Any CPU
		Debug|ARM = Debug|ARM
		Debug|x64 = Debug|x64
		Debug|x86 = Debug|x86
		Release|Any CPU = Release|Any CPU
		Release|ARM = Release|ARM
		Release|x64 = Release|x64
		Release|x86 = Release|x86
	EndGlobalSection
	GlobalSection(ProjectConfigurationPlatforms) = postSolution
		{E491C9C8-068C-4705-9021-5B78DF16C86C}.Debug|Any CPU.ActiveCfg = Debug|Any CPU
		{E491C9C8-068C-4705-9021-5B78DF16C86C}.Debug|Any CPU.Build.0 = Debug|Any CPU
		{E491C9C8-068C-4705-9021-5B78DF16C86C}.Debug|ARM.ActiveCfg = Debug|Any CPU
		{E491C9C8-068C-4705-9021-5B78DF16C86C}.Debug|ARM.Build.0 = Debug|Any CPU
		{E491C9C8-068C-4705-9021-5B78DF16C86C}.Debug|x64.ActiveCfg = Debug|Any CPU
		{E491C9C8-068C-4705-9021-5B78DF16C86C}.Debug|x64.Build.0 = Debug|Any CPU
		{E491C9C8-068C-4705-9021-5B78DF16C86C}.Debug|x86.ActiveCfg = Debug|Any CPU
		{E491C9C8-068C-4705-9021-5B78DF16C86C}.Debug|x86.Build.0 = Debug|Any CPU
		{E491C9C8-068C-4705-9021-5B78DF16C86C}.Release|Any CPU.ActiveCfg = Release|Any CPU
		{E491C9C8-068C-4705-9021-5B78DF16C86C}.Release|Any CPU.Build.0 = Release|Any CPU
		{E491C9C8-068C-4705-9021-5B78DF16C86C}.Release|ARM.ActiveCfg = Release|Any CPU
		{E491C9C8-068C-4705-9021-5B78DF16C86C}.Release|ARM.Build.0 = Release|Any CPU
		{E491C9C8-068C-4705-9021-5B78DF16C86C}.Release|x64.ActiveCfg = Release|Any CPU
		{E491C9C8-068C-4705-9021-5B78DF16C86C}.Release|x64.Build.0 = Release|Any CPU
		{E491C9C8-068C-4705-9021-5B78DF16C86C}.Release|x86.ActiveCfg = Release|Any CPU
		{E491C9C8-068C-4705-9021-5B78DF16C86C}.Release|x86.Build.0 = Release|Any CPU
		{D40D9684-D7CF-4864-9583-E418B605538E}.Debug|Any CPU.ActiveCfg = Debug|Any CPU
		{D40D9684-D7CF-4864-9583-E418B605538E}.Debug|Any CPU.Build.0 = Debug|Any CPU
		{D40D9684-D7CF-4864-9583-E418B605538E}.Debug|ARM.ActiveCfg = Debug|Any CPU
		{D40D9684-D7CF-4864-9583-E418B605538E}.Debug|ARM.Build.0 = Debug|Any CPU
		{D40D9684-D7CF-4864-9583-E418B605538E}.Debug|x64.ActiveCfg = Debug|Any CPU
		{D40D9684-D7CF-4864-9583-E418B605538E}.Debug|x64.Build.0 = Debug|Any CPU
		{D40D9684-D7CF-4864-9583-E418B605538E}.Debug|x86.ActiveCfg = Debug|Any CPU
		{D40D9684-D7CF-4864-9583-E418B605538E}.Debug|x86.Build.0 = Debug|Any CPU
		{D40D9684-D7CF-4864-9583-E418B605538E}.Release|Any CPU.ActiveCfg = Release|Any CPU
		{D40D9684-D7CF-4864-9583-E418B605538E}.Release|Any CPU.Build.0 = Release|Any CPU
		{D40D9684-D7CF-4864-9583-E418B605538E}.Release|ARM.ActiveCfg = Release|Any CPU
		{D40D9684-D7CF-4864-9583-E418B605538E}.Release|ARM.Build.0 = Release|Any CPU
		{D40D9684-D7CF-4864-9583-E418B605538E}.Release|x64.ActiveCfg = Release|Any CPU
		{D40D9684-D7CF-4864-9583-E418B605538E}.Release|x64.Build.0 = Release|Any CPU
		{D40D9684-D7CF-4864-9583-E418B605538E}.Release|x86.ActiveCfg = Release|Any CPU
		{D40D9684-D7CF-4864-9583-E418B605538E}.Release|x86.Build.0 = Release|Any CPU
		{F090D58A-6901-489D-B6E5-BD6D20B019EC}.Debug|Any CPU.ActiveCfg = Debug|Any CPU
		{F090D58A-6901-489D-B6E5-BD6D20B019EC}.Debug|Any CPU.Build.0 = Debug|Any CPU
		{F090D58A-6901-489D-B6E5-BD6D20B019EC}.Debug|ARM.ActiveCfg = Debug|Any CPU
		{F090D58A-6901-489D-B6E5-BD6D20B019EC}.Debug|ARM.Build.0 = Debug|Any CPU
		{F090D58A-6901-489D-B6E5-BD6D20B019EC}.Debug|x64.ActiveCfg = Debug|Any CPU
		{F090D58A-6901-489D-B6E5-BD6D20B019EC}.Debug|x64.Build.0 = Debug|Any CPU
		{F090D58A-6901-489D-B6E5-BD6D20B019EC}.Debug|x86.ActiveCfg = Debug|Any CPU
		{F090D58A-6901-489D-B6E5-BD6D20B019EC}.Debug|x86.Build.0 = Debug|Any CPU
		{F090D58A-6901-489D-B6E5-BD6D20B019EC}.Release|Any CPU.ActiveCfg = Release|Any CPU
		{F090D58A-6901-489D-B6E5-BD6D20B019EC}.Release|Any CPU.Build.0 = Release|Any CPU
		{F090D58A-6901-489D-B6E5-BD6D20B019EC}.Release|ARM.ActiveCfg = Release|Any CPU
		{F090D58A-6901-489D-B6E5-BD6D20B019EC}.Release|ARM.Build.0 = Release|Any CPU
		{F090D58A-6901-489D-B6E5-BD6D20B019EC}.Release|x64.ActiveCfg = Release|Any CPU
		{F090D58A-6901-489D-B6E5-BD6D20B019EC}.Release|x64.Build.0 = Release|Any CPU
		{F090D58A-6901-489D-B6E5-BD6D20B019EC}.Release|x86.ActiveCfg = Release|Any CPU
		{F090D58A-6901-489D-B6E5-BD6D20B019EC}.Release|x86.Build.0 = Release|Any CPU
		{991539C7-C12C-41FB-BFC9-DF4511B85FB0}.Debug|Any CPU.ActiveCfg = Debug|x64
		{991539C7-C12C-41FB-BFC9-DF4511B85FB0}.Debug|Any CPU.Build.0 = Debug|x64
		{991539C7-C12C-41FB-BFC9-DF4511B85FB0}.Debug|Any CPU.Deploy.0 = Debug|x64
		{991539C7-C12C-41FB-BFC9-DF4511B85FB0}.Debug|ARM.ActiveCfg = Debug|ARM
		{991539C7-C12C-41FB-BFC9-DF4511B85FB0}.Debug|ARM.Build.0 = Debug|ARM
		{991539C7-C12C-41FB-BFC9-DF4511B85FB0}.Debug|ARM.Deploy.0 = Debug|ARM
		{991539C7-C12C-41FB-BFC9-DF4511B85FB0}.Debug|x64.ActiveCfg = Debug|x64
		{991539C7-C12C-41FB-BFC9-DF4511B85FB0}.Debug|x64.Build.0 = Debug|x64
		{991539C7-C12C-41FB-BFC9-DF4511B85FB0}.Debug|x64.Deploy.0 = Debug|x64
		{991539C7-C12C-41FB-BFC9-DF4511B85FB0}.Debug|x86.ActiveCfg = Debug|x86
		{991539C7-C12C-41FB-BFC9-DF4511B85FB0}.Debug|x86.Build.0 = Debug|x86
		{991539C7-C12C-41FB-BFC9-DF4511B85FB0}.Debug|x86.Deploy.0 = Debug|x86
		{991539C7-C12C-41FB-BFC9-DF4511B85FB0}.Release|Any CPU.ActiveCfg = Release|x64
		{991539C7-C12C-41FB-BFC9-DF4511B85FB0}.Release|Any CPU.Build.0 = Release|x64
		{991539C7-C12C-41FB-BFC9-DF4511B85FB0}.Release|Any CPU.Deploy.0 = Release|x64
		{991539C7-C12C-41FB-BFC9-DF4511B85FB0}.Release|ARM.ActiveCfg = Release|ARM
		{991539C7-C12C-41FB-BFC9-DF4511B85FB0}.Release|ARM.Build.0 = Release|ARM
		{991539C7-C12C-41FB-BFC9-DF4511B85FB0}.Release|ARM.Deploy.0 = Release|ARM
		{991539C7-C12C-41FB-BFC9-DF4511B85FB0}.Release|x64.ActiveCfg = Release|x64
		{991539C7-C12C-41FB-BFC9-DF4511B85FB0}.Release|x64.Build.0 = Release|x64
		{991539C7-C12C-41FB-BFC9-DF4511B85FB0}.Release|x64.Deploy.0 = Release|x64
		{991539C7-C12C-41FB-BFC9-DF4511B85FB0}.Release|x86.ActiveCfg = Release|x86
		{991539C7-C12C-41FB-BFC9-DF4511B85FB0}.Release|x86.Build.0 = Release|x86
		{991539C7-C12C-41FB-BFC9-DF4511B85FB0}.Release|x86.Deploy.0 = Release|x86
		{86CB9904-D7D4-4314-9FC3-E7BFB08753F5}.Debug|Any CPU.ActiveCfg = Debug|Any CPU
		{86CB9904-D7D4-4314-9FC3-E7BFB08753F5}.Debug|Any CPU.Build.0 = Debug|Any CPU
		{86CB9904-D7D4-4314-9FC3-E7BFB08753F5}.Debug|Any CPU.Deploy.0 = Debug|Any CPU
		{86CB9904-D7D4-4314-9FC3-E7BFB08753F5}.Debug|ARM.ActiveCfg = Debug|Any CPU
		{86CB9904-D7D4-4314-9FC3-E7BFB08753F5}.Debug|ARM.Build.0 = Debug|Any CPU
		{86CB9904-D7D4-4314-9FC3-E7BFB08753F5}.Debug|ARM.Deploy.0 = Debug|Any CPU
		{86CB9904-D7D4-4314-9FC3-E7BFB08753F5}.Debug|x64.ActiveCfg = Debug|Any CPU
		{86CB9904-D7D4-4314-9FC3-E7BFB08753F5}.Debug|x64.Build.0 = Debug|Any CPU
		{86CB9904-D7D4-4314-9FC3-E7BFB08753F5}.Debug|x64.Deploy.0 = Debug|Any CPU
		{86CB9904-D7D4-4314-9FC3-E7BFB08753F5}.Debug|x86.ActiveCfg = Debug|Any CPU
		{86CB9904-D7D4-4314-9FC3-E7BFB08753F5}.Debug|x86.Build.0 = Debug|Any CPU
		{86CB9904-D7D4-4314-9FC3-E7BFB08753F5}.Debug|x86.Deploy.0 = Debug|Any CPU
		{86CB9904-D7D4-4314-9FC3-E7BFB08753F5}.Release|Any CPU.ActiveCfg = Release|Any CPU
		{86CB9904-D7D4-4314-9FC3-E7BFB08753F5}.Release|Any CPU.Build.0 = Release|Any CPU
		{86CB9904-D7D4-4314-9FC3-E7BFB08753F5}.Release|Any CPU.Deploy.0 = Release|Any CPU
		{86CB9904-D7D4-4314-9FC3-E7BFB08753F5}.Release|ARM.ActiveCfg = Release|Any CPU
		{86CB9904-D7D4-4314-9FC3-E7BFB08753F5}.Release|ARM.Build.0 = Release|Any CPU
		{86CB9904-D7D4-4314-9FC3-E7BFB08753F5}.Release|ARM.Deploy.0 = Release|Any CPU
		{86CB9904-D7D4-4314-9FC3-E7BFB08753F5}.Release|x64.ActiveCfg = Release|Any CPU
		{86CB9904-D7D4-4314-9FC3-E7BFB08753F5}.Release|x64.Build.0 = Release|Any CPU
		{86CB9904-D7D4-4314-9FC3-E7BFB08753F5}.Release|x64.Deploy.0 = Release|Any CPU
		{86CB9904-D7D4-4314-9FC3-E7BFB08753F5}.Release|x86.ActiveCfg = Release|Any CPU
		{86CB9904-D7D4-4314-9FC3-E7BFB08753F5}.Release|x86.Build.0 = Release|Any CPU
		{86CB9904-D7D4-4314-9FC3-E7BFB08753F5}.Release|x86.Deploy.0 = Release|Any CPU
		{C02A982A-C30C-40F0-A419-D81C8065D9D0}.Debug|Any CPU.ActiveCfg = Debug|Any CPU
		{C02A982A-C30C-40F0-A419-D81C8065D9D0}.Debug|Any CPU.Build.0 = Debug|Any CPU
		{C02A982A-C30C-40F0-A419-D81C8065D9D0}.Debug|ARM.ActiveCfg = Debug|Any CPU
		{C02A982A-C30C-40F0-A419-D81C8065D9D0}.Debug|ARM.Build.0 = Debug|Any CPU
		{C02A982A-C30C-40F0-A419-D81C8065D9D0}.Debug|x64.ActiveCfg = Debug|Any CPU
		{C02A982A-C30C-40F0-A419-D81C8065D9D0}.Debug|x64.Build.0 = Debug|Any CPU
		{C02A982A-C30C-40F0-A419-D81C8065D9D0}.Debug|x86.ActiveCfg = Debug|Any CPU
		{C02A982A-C30C-40F0-A419-D81C8065D9D0}.Debug|x86.Build.0 = Debug|Any CPU
		{C02A982A-C30C-40F0-A419-D81C8065D9D0}.Release|Any CPU.ActiveCfg = Release|Any CPU
		{C02A982A-C30C-40F0-A419-D81C8065D9D0}.Release|Any CPU.Build.0 = Release|Any CPU
		{C02A982A-C30C-40F0-A419-D81C8065D9D0}.Release|ARM.ActiveCfg = Release|Any CPU
		{C02A982A-C30C-40F0-A419-D81C8065D9D0}.Release|ARM.Build.0 = Release|Any CPU
		{C02A982A-C30C-40F0-A419-D81C8065D9D0}.Release|x64.ActiveCfg = Release|Any CPU
		{C02A982A-C30C-40F0-A419-D81C8065D9D0}.Release|x64.Build.0 = Release|Any CPU
		{C02A982A-C30C-40F0-A419-D81C8065D9D0}.Release|x86.ActiveCfg = Release|Any CPU
		{C02A982A-C30C-40F0-A419-D81C8065D9D0}.Release|x86.Build.0 = Release|Any CPU
	EndGlobalSection
	GlobalSection(SolutionProperties) = preSolution
		HideSolutionNode = FALSE
	EndGlobalSection
	GlobalSection(ExtensibilityGlobals) = postSolution
		SolutionGuid = {619BA7F3-4C7E-4EC4-BEC2-3E5385746889}
	EndGlobalSection
EndGlobal
